
Microsoft Visual Studio Solution File, Format Version 12.00
# Visual Studio Version 17
VisualStudioVersion = 17.9.34902.65
MinimumVisualStudioVersion = 10.0.40219.1
Project("{FAE04EC0-301F-11D3-BF4B-00C04F79EFBC}") = "vote_app", "vote_app\vote_app.csproj", "{E3A25E3A-5764-4954-A738-1A10E01B43E6}"
EndProject
Global
	GlobalSection(SolutionConfigurationPlatforms) = preSolution
		Debug|Any CPU = Debug|Any CPU
		Release|Any CPU = Release|Any CPU
	EndGlobalSection
	GlobalSection(ProjectConfigurationPlatforms) = postSolution
		{E3A25E3A-5764-4954-A738-1A10E01B43E6}.Debug|Any CPU.ActiveCfg = Debug|Any CPU
		{E3A25E3A-5764-4954-A738-1A10E01B43E6}.Debug|Any CPU.Build.0 = Debug|Any CPU
		{E3A25E3A-5764-4954-A738-1A10E01B43E6}.Release|Any CPU.ActiveCfg = Release|Any CPU
		{E3A25E3A-5764-4954-A738-1A10E01B43E6}.Release|Any CPU.Build.0 = Release|Any CPU
	EndGlobalSection
	GlobalSection(SolutionProperties) = preSolution
		HideSolutionNode = FALSE
	EndGlobalSection
	GlobalSection(ExtensibilityGlobals) = postSolution
		SolutionGuid = {5984EEFC-01DC-43A7-860F-B90D259E9836}
	EndGlobalSection
EndGlobal
